{
  "requires": true,
  "lockfileVersion": 1,
  "dependencies": {
    "@aero/centra": {
      "version": "1.0.3",
      "resolved": "https://registry.npmjs.org/@aero/centra/-/centra-1.0.3.tgz",
      "integrity": "sha512-Ljd3utKoMcXiMSLr4uxMD9EAFeqw2nOEGfvMXVRKX4sT1OlYuUVQEz1Xrfi5z0RNrGXjm50lJq1jLlRW4FYcEA=="
    },
    "covidapi": {
      "version": "0.5.0",
      "resolved": "https://registry.npmjs.org/covidapi/-/covidapi-0.5.0.tgz",
      "integrity": "sha512-v0gPU90wLCl+GqaLwZ6wRybdVF/jNZdlDqsKuP19DSFDcF1QMgCZzBTnORy1SzhyPiKuZ0FrcArL+DCu2Yf2Hw==",
      "requires": {
        "@aero/centra": "1.0.3"
      }
    }
  }
}
